# generated by rye
# use `rye lock` or `rye sync` to update this lockfile
#
# last locked with the following flags:
#   pre: false
#   features: []
#   all-features: false
#   with-sources: false
#   generate-hashes: false

-e file:.
contourpy==1.2.1
    # via matplotlib
cycler==0.12.1
    # via matplotlib
darkdetect==0.7.1
    # via pyqtdarktheme
dataclasses-json==0.6.7
    # via time-tracker
fonttools==4.53.0
    # via matplotlib
gitdb==4.0.11
    # via gitpython
gitpython==3.1.43
    # via time-tracker
holidays==0.52
    # via time-tracker
kiwisolver==1.4.5
    # via matplotlib
marshmallow==3.21.3
    # via dataclasses-json
matplotlib==3.9.0
    # via time-tracker
mypy-extensions==1.0.0
    # via typing-inspect
numpy==2.0.0
    # via contourpy
    # via matplotlib
    # via pandas
packaging==24.1
    # via marshmallow
    # via matplotlib
    # via qtpy
pandas==2.2.2
    # via time-tracker
pillow==10.4.0
    # via matplotlib
plyer==2.1.0
    # via time-tracker
pyparsing==3.1.2
    # via matplotlib
pypiwin32==223
    # via win10toast
pyqt6==6.7.0
    # via time-tracker
pyqt6-qt6==6.7.2
    # via pyqt6
pyqt6-sip==13.6.0
    # via pyqt6
pyqtdarktheme==2.1.0
    # via time-tracker
python-dateutil==2.9.0.post0
    # via holidays
    # via matplotlib
    # via pandas
pytz==2024.1
    # via pandas
pywin32==306
    # via pypiwin32
qtawesome==1.3.1
    # via time-tracker
qtpy==2.4.1
    # via qtawesome
setuptools==70.2.0
    # via win10toast
six==1.16.0
    # via python-dateutil
smmap==5.0.1
    # via gitdb
typing-extensions==4.12.2
    # via typing-inspect
typing-inspect==0.9.0
    # via dataclasses-json
tzdata==2024.1
    # via pandas
win10toast==0.9
    # via time-tracker
xlsxwriter==3.2.0
    # via time-tracker
